
Microsoft Visual Studio Solution File, Format Version 12.00
# Visual Studio Version 17
VisualStudioVersion = 17.10.34916.146
MinimumVisualStudioVersion = 10.0.40219.1
Project("{9A19103F-16F7-4668-BE54-9A1E7A4F7556}") = "PromoCodeFactory.WebHost", "PromoCodeFactory.WebHost\PromoCodeFactory.WebHost.csproj", "{EF1A1AC0-1EF0-4995-9A59-2CC8A883A6BB}"
	ProjectSection(ProjectDependencies) = postProject
		{945D06BC-A71F-4C00-982E-FACF5A0BFEC1} = {945D06BC-A71F-4C00-982E-FACF5A0BFEC1}
	EndProjectSection
EndProject
Project("{9A19103F-16F7-4668-BE54-9A1E7A4F7556}") = "PromoCodeFactory.Core", "PromoCodeFactory.Core\PromoCodeFactory.Core.csproj", "{E3C21753-FABC-4B35-96A8-01BDA3AB4908}"
EndProject
Project("{9A19103F-16F7-4668-BE54-9A1E7A4F7556}") = "PromoCodeFactory.DataAccess", "PromoCodeFactory.DataAccess\PromoCodeFactory.DataAccess.csproj", "{945D06BC-A71F-4C00-982E-FACF5A0BFEC1}"
EndProject
Project("{9A19103F-16F7-4668-BE54-9A1E7A4F7556}") = "PromoCodeFactory.UnitTests", "PromoCodeFactory.UnitTests\PromoCodeFactory.UnitTests.csproj", "{2590FFCE-FAAA-47B7-AEAD-D018E74D873C}"
EndProject
Project("{FAE04EC0-301F-11D3-BF4B-00C04F79EFBC}") = "PromoCodeFactory.GraphQL", "PromoCodeFactory.GraphQL\PromoCodeFactory.GraphQL.csproj", "{86212BE0-578E-4C33-A994-75639436EB53}"
EndProject
Global
	GlobalSection(SolutionConfigurationPlatforms) = preSolution
		Debug|Any CPU = Debug|Any CPU
		Release|Any CPU = Release|Any CPU
	EndGlobalSection
	GlobalSection(ProjectConfigurationPlatforms) = postSolution
		{EF1A1AC0-1EF0-4995-9A59-2CC8A883A6BB}.Debug|Any CPU.ActiveCfg = Debug|Any CPU
		{EF1A1AC0-1EF0-4995-9A59-2CC8A883A6BB}.Debug|Any CPU.Build.0 = Debug|Any CPU
		{EF1A1AC0-1EF0-4995-9A59-2CC8A883A6BB}.Release|Any CPU.ActiveCfg = Release|Any CPU
		{EF1A1AC0-1EF0-4995-9A59-2CC8A883A6BB}.Release|Any CPU.Build.0 = Release|Any CPU
		{E3C21753-FABC-4B35-96A8-01BDA3AB4908}.Debug|Any CPU.ActiveCfg = Debug|Any CPU
		{E3C21753-FABC-4B35-96A8-01BDA3AB4908}.Debug|Any CPU.Build.0 = Debug|Any CPU
		{E3C21753-FABC-4B35-96A8-01BDA3AB4908}.Release|Any CPU.ActiveCfg = Release|Any CPU
		{E3C21753-FABC-4B35-96A8-01BDA3AB4908}.Release|Any CPU.Build.0 = Release|Any CPU
		{945D06BC-A71F-4C00-982E-FACF5A0BFEC1}.Debug|Any CPU.ActiveCfg = Debug|Any CPU
		{945D06BC-A71F-4C00-982E-FACF5A0BFEC1}.Debug|Any CPU.Build.0 = Debug|Any CPU
		{945D06BC-A71F-4C00-982E-FACF5A0BFEC1}.Release|Any CPU.ActiveCfg = Release|Any CPU
		{945D06BC-A71F-4C00-982E-FACF5A0BFEC1}.Release|Any CPU.Build.0 = Release|Any CPU
		{2590FFCE-FAAA-47B7-AEAD-D018E74D873C}.Debug|Any CPU.ActiveCfg = Debug|Any CPU
		{2590FFCE-FAAA-47B7-AEAD-D018E74D873C}.Debug|Any CPU.Build.0 = Debug|Any CPU
		{2590FFCE-FAAA-47B7-AEAD-D018E74D873C}.Release|Any CPU.ActiveCfg = Release|Any CPU
		{2590FFCE-FAAA-47B7-AEAD-D018E74D873C}.Release|Any CPU.Build.0 = Release|Any CPU
		{86212BE0-578E-4C33-A994-75639436EB53}.Debug|Any CPU.ActiveCfg = Debug|Any CPU
		{86212BE0-578E-4C33-A994-75639436EB53}.Debug|Any CPU.Build.0 = Debug|Any CPU
		{86212BE0-578E-4C33-A994-75639436EB53}.Release|Any CPU.ActiveCfg = Release|Any CPU
		{86212BE0-578E-4C33-A994-75639436EB53}.Release|Any CPU.Build.0 = Release|Any CPU
	EndGlobalSection
	GlobalSection(SolutionProperties) = preSolution
		HideSolutionNode = FALSE
	EndGlobalSection
	GlobalSection(ExtensibilityGlobals) = postSolution
		SolutionGuid = {3B09EC5F-46B7-45DD-9F03-6F300696EB50}
	EndGlobalSection
EndGlobal
